
Microsoft Visual Studio Solution File, Format Version 12.00
# Visual Studio 15
Project("{FAE04EC0-301F-11D3-BF4B-00C04F79EFBC}") = "Marsunen", "Assembly-CSharp.csproj", "{7F00B2E2-C16D-330D-AC3B-C185F772B210}"
EndProject
Project("{FAE04EC0-301F-11D3-BF4B-00C04F79EFBC}") = "Marsunen", "Assembly-CSharp-Editor.csproj", "{64B946DC-15D4-2E7A-8759-C8C92EFC1D64}"
EndProject
Global
	GlobalSection(SolutionConfigurationPlatforms) = preSolution
		Debug|Any CPU = Debug|Any CPU
		Release|Any CPU = Release|Any CPU
	EndGlobalSection
	GlobalSection(ProjectConfigurationPlatforms) = postSolution
		{7F00B2E2-C16D-330D-AC3B-C185F772B210}.Debug|Any CPU.ActiveCfg = Debug|Any CPU
		{7F00B2E2-C16D-330D-AC3B-C185F772B210}.Debug|Any CPU.Build.0 = Debug|Any CPU
		{7F00B2E2-C16D-330D-AC3B-C185F772B210}.Release|Any CPU.ActiveCfg = Release|Any CPU
		{7F00B2E2-C16D-330D-AC3B-C185F772B210}.Release|Any CPU.Build.0 = Release|Any CPU
		{64B946DC-15D4-2E7A-8759-C8C92EFC1D64}.Debug|Any CPU.ActiveCfg = Debug|Any CPU
		{64B946DC-15D4-2E7A-8759-C8C92EFC1D64}.Debug|Any CPU.Build.0 = Debug|Any CPU
		{64B946DC-15D4-2E7A-8759-C8C92EFC1D64}.Release|Any CPU.ActiveCfg = Release|Any CPU
		{64B946DC-15D4-2E7A-8759-C8C92EFC1D64}.Release|Any CPU.Build.0 = Release|Any CPU
	EndGlobalSection
	GlobalSection(SolutionProperties) = preSolution
		HideSolutionNode = FALSE
	EndGlobalSection
EndGlobal
